
Microsoft Visual Studio Solution File, Format Version 12.00
# Visual Studio 15
Project("{FAE04EC0-301F-11D3-BF4B-00C04F79EFBC}") = "TMWeb", "TMWeb.csproj", "{7A03E4B7-B0DB-4D9C-ADF5-1943B4CCE231}"
EndProject
Project("{2150E333-8FDC-42A3-9474-1A3956D46DE8}") = "Controllers", "Controllers", "{EF61F866-9B35-479E-B547-417BE2167974}"
EndProject
Project("{2150E333-8FDC-42A3-9474-1A3956D46DE8}") = "TrueMarble", "TrueMarble", "{4CF28DEB-CBB7-49E6-81CE-FD6BD6F13A36}"
EndProject
Project("{2150E333-8FDC-42A3-9474-1A3956D46DE8}") = "Resources", "Resources", "{B2FF5526-E086-4231-9C50-0FABF21DE88C}"
EndProject
Global
	GlobalSection(SolutionConfigurationPlatforms) = preSolution
		Debug|Any CPU = Debug|Any CPU
		Release|Any CPU = Release|Any CPU
	EndGlobalSection
	GlobalSection(ProjectConfigurationPlatforms) = postSolution
		{7A03E4B7-B0DB-4D9C-ADF5-1943B4CCE231}.Debug|Any CPU.ActiveCfg = Debug|Any CPU
		{7A03E4B7-B0DB-4D9C-ADF5-1943B4CCE231}.Debug|Any CPU.Build.0 = Debug|Any CPU
		{7A03E4B7-B0DB-4D9C-ADF5-1943B4CCE231}.Release|Any CPU.ActiveCfg = Release|Any CPU
		{7A03E4B7-B0DB-4D9C-ADF5-1943B4CCE231}.Release|Any CPU.Build.0 = Release|Any CPU
	EndGlobalSection
EndGlobal
